
Microsoft Visual Studio Solution File, Format Version 12.00
# Visual Studio Version 17
VisualStudioVersion = 17.12.35707.178
MinimumVisualStudioVersion = 10.0.40219.1
Project("{2150E333-8FDC-42A3-9474-1A3956D46DE8}") = "Lesson_02", "Lesson_02", "{F6A5CCEA-D3DA-4CFE-AAC4-79A95038426E}"
EndProject
Project("{9A19103F-16F7-4668-BE54-9A1E7A4F7556}") = "Task_02_01", "Task_02_01\Task_02_01.csproj", "{2DDB25FE-F322-48E4-9014-07ADA0961681}"
EndProject
Project("{9A19103F-16F7-4668-BE54-9A1E7A4F7556}") = "Task_02_02", "Task_02_02\Task_02_02.csproj", "{3459300C-BBB4-4D8B-89AA-712F458A5F39}"
EndProject
Project("{9A19103F-16F7-4668-BE54-9A1E7A4F7556}") = "Task_02_03", "Task_02_03\Task_02_03.csproj", "{653EA7C2-6501-43EC-8FEA-AE2477554953}"
EndProject
Project("{9A19103F-16F7-4668-BE54-9A1E7A4F7556}") = "Task_02_04", "Task_02_04\Task_02_04.csproj", "{826A4A3E-ED63-4489-A9FB-F7B34C60E5F6}"
EndProject
Project("{2150E333-8FDC-42A3-9474-1A3956D46DE8}") = "Lesson_03", "Lesson_03", "{6D0C6B8B-A3FA-407D-B2DE-5C8492CB1497}"
EndProject
Project("{9A19103F-16F7-4668-BE54-9A1E7A4F7556}") = "Task_03_01", "Task_03_01\Task_03_01.csproj", "{8EBD1A1F-EC6C-4295-86BE-790C32C352BA}"
EndProject
Project("{9A19103F-16F7-4668-BE54-9A1E7A4F7556}") = "Task_03_02", "Task_03_02\Task_03_02.csproj", "{98CC0E72-6536-4D19-A151-7D4E2EBEBA2A}"
EndProject
Project("{9A19103F-16F7-4668-BE54-9A1E7A4F7556}") = "Task_03_03", "Task_03_03\Task_03_03.csproj", "{FD48E659-19F1-42A4-83B5-5ED94C15825D}"
EndProject
Project("{9A19103F-16F7-4668-BE54-9A1E7A4F7556}") = "Task_03_04", "Task_03_04\Task_03_04.csproj", "{0D2138F8-7579-4E47-9436-EDB971BDE28B}"
EndProject
Project("{9A19103F-16F7-4668-BE54-9A1E7A4F7556}") = "Task_03_05", "Task_03_05\Task_03_05.csproj", "{85753DAA-21FE-421F-B8FA-4B23CB927825}"
EndProject
Project("{9A19103F-16F7-4668-BE54-9A1E7A4F7556}") = "Task_03_06", "Task_03_06\Task_03_06.csproj", "{116CE2FE-8C17-4F9D-8257-CA0ED9D117B3}"
EndProject
Project("{9A19103F-16F7-4668-BE54-9A1E7A4F7556}") = "Task_03_07", "Task_03_07\Task_03_07.csproj", "{4BEDD024-BB21-4D69-B80B-C1C599BBF9E8}"
EndProject
Project("{9A19103F-16F7-4668-BE54-9A1E7A4F7556}") = "Task_03_08", "Task_03_08\Task_03_08.csproj", "{8F28BF88-69A0-4A88-94CD-8C778AE64A5D}"
EndProject
Project("{9A19103F-16F7-4668-BE54-9A1E7A4F7556}") = "Task_03_09", "Task_03_09\Task_03_09.csproj", "{0BCDE427-1739-40E3-88F9-895AB3EFAFE9}"
EndProject
Project("{2150E333-8FDC-42A3-9474-1A3956D46DE8}") = "Lesson_04", "Lesson_04", "{C9EE1FAB-D19C-4F2D-984C-F420B7C1F608}"
EndProject
Project("{FAE04EC0-301F-11D3-BF4B-00C04F79EFBC}") = "Task_04_01", "Task_04_01\Task_04_01.csproj", "{B47D56E1-6A65-433F-937A-E6E10BA70D04}"
EndProject
Project("{FAE04EC0-301F-11D3-BF4B-00C04F79EFBC}") = "Task_03_10", "Task_03_10\Task_03_10.csproj", "{2A2E3060-EBAF-4C47-ABA5-439B481AB511}"
EndProject
Project("{FAE04EC0-301F-11D3-BF4B-00C04F79EFBC}") = "Task_03_11", "Task_03_11\Task_03_11.csproj", "{B18B92AF-14D9-45CE-B180-5E8D4503A095}"
EndProject
Project("{FAE04EC0-301F-11D3-BF4B-00C04F79EFBC}") = "Task_03_12", "Task_03_12\Task_03_12.csproj", "{A8C396FE-BE2A-442A-BF70-B4D8B99CADD4}"
EndProject
Project("{FAE04EC0-301F-11D3-BF4B-00C04F79EFBC}") = "Task_03_13", "Task_03_13\Task_03_13.csproj", "{B3E0B287-5E32-4646-BE76-7E2B50E7952E}"
EndProject
Project("{FAE04EC0-301F-11D3-BF4B-00C04F79EFBC}") = "Task_04_02", "Task_04_02\Task_04_02.csproj", "{B41DBB14-89A3-4FFF-9147-461E4E2A3F41}"
EndProject
Project("{FAE04EC0-301F-11D3-BF4B-00C04F79EFBC}") = "Task_04_03", "Task_04_03\Task_04_03.csproj", "{867FCC1C-857E-4CB1-8075-28274E653924}"
EndProject
Project("{FAE04EC0-301F-11D3-BF4B-00C04F79EFBC}") = "Task_04_04", "Task_04_04\Task_04_04.csproj", "{CD5B6C53-C1DD-4E65-9637-16D7FAE70596}"
EndProject
Project("{FAE04EC0-301F-11D3-BF4B-00C04F79EFBC}") = "Task_04_05", "Task_04_05\Task_04_05.csproj", "{F2C97A54-8F3F-4EEB-81D5-3C7C9CC12D2A}"
EndProject
Project("{FAE04EC0-301F-11D3-BF4B-00C04F79EFBC}") = "Task_04_06", "Task_04_06\Task_04_06.csproj", "{12317077-9623-40E6-B58D-C926D6B75349}"
EndProject
Project("{FAE04EC0-301F-11D3-BF4B-00C04F79EFBC}") = "Task_04_07", "Task_04_07\Task_04_07.csproj", "{C3B8C4B6-07D9-450C-A472-5E10D6000B4D}"
EndProject
Project("{FAE04EC0-301F-11D3-BF4B-00C04F79EFBC}") = "Task_04_08", "Task_04_08\Task_04_08.csproj", "{8AA6949E-6F34-4D70-9212-140C62458F54}"
EndProject
Project("{FAE04EC0-301F-11D3-BF4B-00C04F79EFBC}") = "Task_04_09", "Task_04_09\Task_04_09.csproj", "{6A588945-4902-416F-A01C-3A9A7E23283B}"
EndProject
Project("{FAE04EC0-301F-11D3-BF4B-00C04F79EFBC}") = "Task_04_10", "Task_04_10\Task_04_10.csproj", "{5C07B1C9-AA89-4618-A1F5-362D140C62B8}"
EndProject
Project("{2150E333-8FDC-42A3-9474-1A3956D46DE8}") = "Lesson_05", "Lesson_05", "{A1C15FE5-6585-48EF-801D-D64169A132C8}"
EndProject
Project("{FAE04EC0-301F-11D3-BF4B-00C04F79EFBC}") = "Task_05_01", "Task_05_01\Task_05_01.csproj", "{27B4EC20-DF57-4AAF-B7E0-877641F01549}"
EndProject
Project("{FAE04EC0-301F-11D3-BF4B-00C04F79EFBC}") = "Task_05_02", "Task_05_02\Task_05_02.csproj", "{D6CD274F-6E90-4A4E-916D-7F8D609ED5FC}"
EndProject
Project("{FAE04EC0-301F-11D3-BF4B-00C04F79EFBC}") = "Task_05_03", "Task_05_03\Task_05_03.csproj", "{23A906DE-1AB6-4893-B386-3FA27DEC4761}"
EndProject
Project("{FAE04EC0-301F-11D3-BF4B-00C04F79EFBC}") = "Task_05_04", "Task_05_04\Task_05_04.csproj", "{1582D610-6BB0-467D-8F14-E6C7D869DAEC}"
EndProject
Project("{FAE04EC0-301F-11D3-BF4B-00C04F79EFBC}") = "Task_05_05", "Task_05_05\Task_05_05.csproj", "{0C15CEF8-7E6A-4600-B0D0-D5B409BAD72C}"
EndProject
Project("{FAE04EC0-301F-11D3-BF4B-00C04F79EFBC}") = "Task_05_06", "Task_05_06\Task_05_06.csproj", "{8F0CCD0B-DBF1-429B-B117-FE276EF3B067}"
EndProject
Project("{FAE04EC0-301F-11D3-BF4B-00C04F79EFBC}") = "Task_05_07", "Task_05_07\Task_05_07.csproj", "{B7230032-6A4C-436C-BD76-28025AF63CEA}"
EndProject
Project("{FAE04EC0-301F-11D3-BF4B-00C04F79EFBC}") = "Task_05_08", "Task_05_08\Task_05_08.csproj", "{35FED730-F085-4A52-931C-D5481282AA07}"
EndProject
Project("{FAE04EC0-301F-11D3-BF4B-00C04F79EFBC}") = "Task_05_09", "Task_05_09\Task_05_09.csproj", "{78FFC76E-F4A8-42FE-935D-CEA9A6C6EC02}"
EndProject
Project("{2150E333-8FDC-42A3-9474-1A3956D46DE8}") = "Lesson_10", "Lesson_10", "{35C6720A-BA07-46EE-B697-5185CAAB6839}"
EndProject
Project("{FAE04EC0-301F-11D3-BF4B-00C04F79EFBC}") = "Task_10_01", "Task_10_01\Task_10_01.csproj", "{E96A83C9-FC22-4C48-BF67-B2C614564532}"
EndProject
Project("{FAE04EC0-301F-11D3-BF4B-00C04F79EFBC}") = "Task_10_02", "Task_10_02\Task_10_02.csproj", "{D283E07D-ED18-490F-90B0-8709DBF2D867}"
EndProject
Project("{FAE04EC0-301F-11D3-BF4B-00C04F79EFBC}") = "Task_10_03", "Task_10_03\Task_10_03.csproj", "{DB0DE4D2-EFCC-4311-B9BC-5C639BEA61B9}"
EndProject
Project("{FAE04EC0-301F-11D3-BF4B-00C04F79EFBC}") = "Task_10_04", "Task_10_04\Task_10_04.csproj", "{D9A25BD1-5504-4CAF-A34D-DBDFA721001F}"
EndProject
Project("{FAE04EC0-301F-11D3-BF4B-00C04F79EFBC}") = "Task_10_05", "Task_10_05\Task_10_05.csproj", "{1F0E954A-F417-4D09-85CC-C0186C9844FD}"
EndProject
Project("{FAE04EC0-301F-11D3-BF4B-00C04F79EFBC}") = "Task_10_06", "Task_10_06\Task_10_06.csproj", "{5F7C0FA2-16BE-4B74-A95D-1FEC2A85E259}"
EndProject
Project("{FAE04EC0-301F-11D3-BF4B-00C04F79EFBC}") = "Task_10_07", "Task_10_07\Task_10_07.csproj", "{86D9540C-F046-46B1-9640-1F58FA9F1AEB}"
EndProject
Project("{FAE04EC0-301F-11D3-BF4B-00C04F79EFBC}") = "Task_10_08", "Task_10_08\Task_10_08.csproj", "{EB8C796C-D95F-49EB-9EBD-F6446E05C0F1}"
EndProject
Project("{2150E333-8FDC-42A3-9474-1A3956D46DE8}") = "Lesson_11", "Lesson_11", "{F3A88A99-CE3D-45BF-B033-28B8FE2CECE5}"
EndProject
Project("{FAE04EC0-301F-11D3-BF4B-00C04F79EFBC}") = "Task_11_01", "Task_11_01\Task_11_01.csproj", "{B95EE2D0-26D7-4CE5-8500-5B775A49ECB9}"
EndProject
Project("{FAE04EC0-301F-11D3-BF4B-00C04F79EFBC}") = "Task_11_02", "Task_11_02\Task_11_02.csproj", "{9A69BE9F-8426-48E4-A4B8-466CFD12561A}"
EndProject
Project("{FAE04EC0-301F-11D3-BF4B-00C04F79EFBC}") = "Task_11_03", "Task_11_03\Task_11_03.csproj", "{C94719D5-F5E4-41DC-9AD1-74F1F0CF83D2}"
EndProject
Project("{FAE04EC0-301F-11D3-BF4B-00C04F79EFBC}") = "Task_11_04", "Task_11_04\Task_11_04.csproj", "{D9A06B07-A158-425C-B59F-1196D2FCDD9B}"
EndProject
Project("{FAE04EC0-301F-11D3-BF4B-00C04F79EFBC}") = "Task_11_05", "Task_11_05\Task_11_05.csproj", "{0F37130C-56C6-49B1-B477-5D725C0E69A1}"
EndProject
Project("{FAE04EC0-301F-11D3-BF4B-00C04F79EFBC}") = "Task_11_06", "Task_11_06\Task_11_06.csproj", "{2FFA022F-1D08-446E-A820-9A2B96102BEA}"
EndProject
Project("{FAE04EC0-301F-11D3-BF4B-00C04F79EFBC}") = "Task_11_07", "Task_11_07\Task_11_07.csproj", "{2D7FA6AB-4A6C-4D12-8847-1BEEEFE6446A}"
EndProject
Project("{FAE04EC0-301F-11D3-BF4B-00C04F79EFBC}") = "Task_11_08", "Task_11_08\Task_11_08.csproj", "{983B26CE-E6EB-41D3-B88C-A405890451D9}"
EndProject
Project("{2150E333-8FDC-42A3-9474-1A3956D46DE8}") = "Lesson_12", "Lesson_12", "{DBF3CFD9-59BF-4EAB-8063-FDC437E60361}"
EndProject
Project("{FAE04EC0-301F-11D3-BF4B-00C04F79EFBC}") = "Task_12_01", "Task_12_01\Task_12_01.csproj", "{4F8A204C-50B2-405A-B29E-E5DC9B20BDBF}"
EndProject
Project("{FAE04EC0-301F-11D3-BF4B-00C04F79EFBC}") = "Task_12_02", "Task_12_02\Task_12_02.csproj", "{C1A79C9F-D101-41E5-BEF5-DA8B31756514}"
EndProject
Project("{2150E333-8FDC-42A3-9474-1A3956D46DE8}") = "Lesson_13", "Lesson_13", "{3667203C-30A6-487F-A2F2-752CFA6B3D1F}"
EndProject
Project("{FAE04EC0-301F-11D3-BF4B-00C04F79EFBC}") = "Task_13_01", "Task_13_01\Task_13_01.csproj", "{3190B289-C89E-4158-A95B-5488F31ED689}"
EndProject
Project("{FAE04EC0-301F-11D3-BF4B-00C04F79EFBC}") = "Task_13_02", "Task_13_02\Task_13_02.csproj", "{9C315192-2CD5-45EF-B600-7D2FA23A0611}"
EndProject
Project("{FAE04EC0-301F-11D3-BF4B-00C04F79EFBC}") = "Task_13_03", "Task_13_03\Task_13_03.csproj", "{531813BC-40A2-4562-AFBD-AF9F10FE0D30}"
EndProject
Project("{2150E333-8FDC-42A3-9474-1A3956D46DE8}") = "Lesson_14", "Lesson_14", "{EA0E0A49-C8CD-4763-9830-6DD22F64F033}"
EndProject
Project("{FAE04EC0-301F-11D3-BF4B-00C04F79EFBC}") = "Task_14_01", "Task_14_01\Task_14_01.csproj", "{E645E0EF-A205-42B0-A9A3-6D0B01F6D1B6}"
EndProject
Project("{FAE04EC0-301F-11D3-BF4B-00C04F79EFBC}") = "Task_14_02", "Task_14_02\Task_14_02.csproj", "{FD58A616-B6A7-450F-A2CB-659A6B7718EC}"
EndProject
Project("{FAE04EC0-301F-11D3-BF4B-00C04F79EFBC}") = "Task_14_03", "Task_14_03\Task_14_03.csproj", "{5F4200CD-E770-44C3-96B5-8301C1AFCEDF}"
EndProject
Project("{FAE04EC0-301F-11D3-BF4B-00C04F79EFBC}") = "Task_14_04", "Task_14_04\Task_14_04.csproj", "{5210887E-A192-42F8-9EE8-AE6798BDCC9A}"
EndProject
Project("{2150E333-8FDC-42A3-9474-1A3956D46DE8}") = "Lesson_19", "Lesson_19", "{3905F685-559B-478A-A084-E5DDFCEEB5E0}"
EndProject
Project("{FAE04EC0-301F-11D3-BF4B-00C04F79EFBC}") = "Task_19_01", "Task_19_01\Task_19_01.csproj", "{697A9C98-C609-4067-846B-692EB4046EA5}"
EndProject
Project("{FAE04EC0-301F-11D3-BF4B-00C04F79EFBC}") = "Task_19_02", "Task_19_02\Task_19_02.csproj", "{F2DEEFAD-0435-4143-9E1B-A78A14A1D4AF}"
EndProject
Project("{FAE04EC0-301F-11D3-BF4B-00C04F79EFBC}") = "Task_19_03", "Task_19_03\Task_19_03.csproj", "{A6522E8C-B0B0-407D-86BF-60CBEA93F81A}"
EndProject
Project("{2150E333-8FDC-42A3-9474-1A3956D46DE8}") = "Lesson_20", "Lesson_20", "{534E4724-1A7F-4FB8-ABCF-F222D5005951}"
EndProject
Project("{FAE04EC0-301F-11D3-BF4B-00C04F79EFBC}") = "Task_20_01", "Task_20_01\Task_20_01.csproj", "{C96E86F3-1535-4219-80E0-2EFCEC38BC6B}"
EndProject
Project("{FAE04EC0-301F-11D3-BF4B-00C04F79EFBC}") = "Task_20_02", "Task_20_02\Task_20_02.csproj", "{8CAB54DC-A74F-49B9-918E-F6A5942CF954}"
EndProject
Project("{FAE04EC0-301F-11D3-BF4B-00C04F79EFBC}") = "Task_20_03", "Task_20_03\Task_20_03.csproj", "{D90973F8-E2DF-4840-AF2C-1A8F939CC491}"
EndProject
Project("{FAE04EC0-301F-11D3-BF4B-00C04F79EFBC}") = "Task_20_04", "Task_20_04\Task_20_04.csproj", "{F0AC51ED-4212-4035-BA24-540582997ED8}"
EndProject
Project("{FAE04EC0-301F-11D3-BF4B-00C04F79EFBC}") = "Task_20_05", "Task_20_05\Task_20_05.csproj", "{4D10D24C-4E5E-4241-9404-864DA566905B}"
EndProject
Project("{FAE04EC0-301F-11D3-BF4B-00C04F79EFBC}") = "Task_20_06", "Task_20_06\Task_20_06.csproj", "{9F80A82E-AAD1-48C4-9301-575A3F268246}"
EndProject
Project("{2150E333-8FDC-42A3-9474-1A3956D46DE8}") = "Lesson_21", "Lesson_21", "{8F937054-02E6-4962-8E3E-BD58C4D4F685}"
EndProject
Project("{FAE04EC0-301F-11D3-BF4B-00C04F79EFBC}") = "Task_21_01", "Task_21_01\Task_21_01.csproj", "{6C9192C0-DB05-4246-90B4-A9F06C6C275A}"
EndProject
Project("{FAE04EC0-301F-11D3-BF4B-00C04F79EFBC}") = "Task_21_01_1", "Task_21_01_1\Task_21_01_1.csproj", "{06B55344-B2A3-478D-8191-98AB69890100}"
EndProject
Project("{FAE04EC0-301F-11D3-BF4B-00C04F79EFBC}") = "Task_21_02", "Task_21_02\Task_21_02.csproj", "{8F948261-5DAB-4E2C-BC40-CB290674CEF8}"
EndProject
Project("{FAE04EC0-301F-11D3-BF4B-00C04F79EFBC}") = "Task_21_03", "Task_21_03\Task_21_03.csproj", "{4DE93E99-800A-45D6-ADFE-F4CC92ECBDDE}"
EndProject
Project("{FAE04EC0-301F-11D3-BF4B-00C04F79EFBC}") = "Task_21_04", "Task_21_04\Task_21_04.csproj", "{F07A507D-9CD1-46F4-A641-CDAEC71F9C0B}"
EndProject
Project("{FAE04EC0-301F-11D3-BF4B-00C04F79EFBC}") = "Task_21_05", "Task_21_05\Task_21_05.csproj", "{546EB8A2-B299-4DE0-B72E-A1B535A7FF99}"
EndProject
Project("{FAE04EC0-301F-11D3-BF4B-00C04F79EFBC}") = "Task_21_06", "Task_21_06\Task_21_06.csproj", "{01E4DC34-C20D-4CB0-A4FC-AE5F74CE79E1}"
EndProject
Project("{FAE04EC0-301F-11D3-BF4B-00C04F79EFBC}") = "Task_21_07", "Task_21_07\Task_21_07.csproj", "{01102CCD-9453-452C-B520-D43DDC895B69}"
EndProject
Project("{FAE04EC0-301F-11D3-BF4B-00C04F79EFBC}") = "Task_21_08", "Task_21_08\Task_21_08.csproj", "{4938FB81-AF4B-4CF3-B246-0C726B97EAD3}"
EndProject
Global
	GlobalSection(SolutionConfigurationPlatforms) = preSolution
		Debug|Any CPU = Debug|Any CPU
		Release|Any CPU = Release|Any CPU
	EndGlobalSection
	GlobalSection(ProjectConfigurationPlatforms) = postSolution
		{2DDB25FE-F322-48E4-9014-07ADA0961681}.Debug|Any CPU.ActiveCfg = Debug|Any CPU
		{2DDB25FE-F322-48E4-9014-07ADA0961681}.Debug|Any CPU.Build.0 = Debug|Any CPU
		{2DDB25FE-F322-48E4-9014-07ADA0961681}.Release|Any CPU.ActiveCfg = Release|Any CPU
		{2DDB25FE-F322-48E4-9014-07ADA0961681}.Release|Any CPU.Build.0 = Release|Any CPU
		{3459300C-BBB4-4D8B-89AA-712F458A5F39}.Debug|Any CPU.ActiveCfg = Debug|Any CPU
		{3459300C-BBB4-4D8B-89AA-712F458A5F39}.Debug|Any CPU.Build.0 = Debug|Any CPU
		{3459300C-BBB4-4D8B-89AA-712F458A5F39}.Release|Any CPU.ActiveCfg = Release|Any CPU
		{3459300C-BBB4-4D8B-89AA-712F458A5F39}.Release|Any CPU.Build.0 = Release|Any CPU
		{653EA7C2-6501-43EC-8FEA-AE2477554953}.Debug|Any CPU.ActiveCfg = Debug|Any CPU
		{653EA7C2-6501-43EC-8FEA-AE2477554953}.Debug|Any CPU.Build.0 = Debug|Any CPU
		{653EA7C2-6501-43EC-8FEA-AE2477554953}.Release|Any CPU.ActiveCfg = Release|Any CPU
		{653EA7C2-6501-43EC-8FEA-AE2477554953}.Release|Any CPU.Build.0 = Release|Any CPU
		{826A4A3E-ED63-4489-A9FB-F7B34C60E5F6}.Debug|Any CPU.ActiveCfg = Debug|Any CPU
		{826A4A3E-ED63-4489-A9FB-F7B34C60E5F6}.Debug|Any CPU.Build.0 = Debug|Any CPU
		{826A4A3E-ED63-4489-A9FB-F7B34C60E5F6}.Release|Any CPU.ActiveCfg = Release|Any CPU
		{826A4A3E-ED63-4489-A9FB-F7B34C60E5F6}.Release|Any CPU.Build.0 = Release|Any CPU
		{8EBD1A1F-EC6C-4295-86BE-790C32C352BA}.Debug|Any CPU.ActiveCfg = Debug|Any CPU
		{8EBD1A1F-EC6C-4295-86BE-790C32C352BA}.Debug|Any CPU.Build.0 = Debug|Any CPU
		{8EBD1A1F-EC6C-4295-86BE-790C32C352BA}.Release|Any CPU.ActiveCfg = Release|Any CPU
		{8EBD1A1F-EC6C-4295-86BE-790C32C352BA}.Release|Any CPU.Build.0 = Release|Any CPU
		{98CC0E72-6536-4D19-A151-7D4E2EBEBA2A}.Debug|Any CPU.ActiveCfg = Debug|Any CPU
		{98CC0E72-6536-4D19-A151-7D4E2EBEBA2A}.Debug|Any CPU.Build.0 = Debug|Any CPU
		{98CC0E72-6536-4D19-A151-7D4E2EBEBA2A}.Release|Any CPU.ActiveCfg = Release|Any CPU
		{98CC0E72-6536-4D19-A151-7D4E2EBEBA2A}.Release|Any CPU.Build.0 = Release|Any CPU
		{FD48E659-19F1-42A4-83B5-5ED94C15825D}.Debug|Any CPU.ActiveCfg = Debug|Any CPU
		{FD48E659-19F1-42A4-83B5-5ED94C15825D}.Debug|Any CPU.Build.0 = Debug|Any CPU
		{FD48E659-19F1-42A4-83B5-5ED94C15825D}.Release|Any CPU.ActiveCfg = Release|Any CPU
		{FD48E659-19F1-42A4-83B5-5ED94C15825D}.Release|Any CPU.Build.0 = Release|Any CPU
		{0D2138F8-7579-4E47-9436-EDB971BDE28B}.Debug|Any CPU.ActiveCfg = Debug|Any CPU
		{0D2138F8-7579-4E47-9436-EDB971BDE28B}.Debug|Any CPU.Build.0 = Debug|Any CPU
		{0D2138F8-7579-4E47-9436-EDB971BDE28B}.Release|Any CPU.ActiveCfg = Release|Any CPU
		{0D2138F8-7579-4E47-9436-EDB971BDE28B}.Release|Any CPU.Build.0 = Release|Any CPU
		{85753DAA-21FE-421F-B8FA-4B23CB927825}.Debug|Any CPU.ActiveCfg = Debug|Any CPU
		{85753DAA-21FE-421F-B8FA-4B23CB927825}.Debug|Any CPU.Build.0 = Debug|Any CPU
		{85753DAA-21FE-421F-B8FA-4B23CB927825}.Release|Any CPU.ActiveCfg = Release|Any CPU
		{85753DAA-21FE-421F-B8FA-4B23CB927825}.Release|Any CPU.Build.0 = Release|Any CPU
		{116CE2FE-8C17-4F9D-8257-CA0ED9D117B3}.Debug|Any CPU.ActiveCfg = Debug|Any CPU
		{116CE2FE-8C17-4F9D-8257-CA0ED9D117B3}.Debug|Any CPU.Build.0 = Debug|Any CPU
		{116CE2FE-8C17-4F9D-8257-CA0ED9D117B3}.Release|Any CPU.ActiveCfg = Release|Any CPU
		{116CE2FE-8C17-4F9D-8257-CA0ED9D117B3}.Release|Any CPU.Build.0 = Release|Any CPU
		{4BEDD024-BB21-4D69-B80B-C1C599BBF9E8}.Debug|Any CPU.ActiveCfg = Debug|Any CPU
		{4BEDD024-BB21-4D69-B80B-C1C599BBF9E8}.Debug|Any CPU.Build.0 = Debug|Any CPU
		{4BEDD024-BB21-4D69-B80B-C1C599BBF9E8}.Release|Any CPU.ActiveCfg = Release|Any CPU
		{4BEDD024-BB21-4D69-B80B-C1C599BBF9E8}.Release|Any CPU.Build.0 = Release|Any CPU
		{8F28BF88-69A0-4A88-94CD-8C778AE64A5D}.Debug|Any CPU.ActiveCfg = Debug|Any CPU
		{8F28BF88-69A0-4A88-94CD-8C778AE64A5D}.Debug|Any CPU.Build.0 = Debug|Any CPU
		{8F28BF88-69A0-4A88-94CD-8C778AE64A5D}.Release|Any CPU.ActiveCfg = Release|Any CPU
		{8F28BF88-69A0-4A88-94CD-8C778AE64A5D}.Release|Any CPU.Build.0 = Release|Any CPU
		{0BCDE427-1739-40E3-88F9-895AB3EFAFE9}.Debug|Any CPU.ActiveCfg = Debug|Any CPU
		{0BCDE427-1739-40E3-88F9-895AB3EFAFE9}.Debug|Any CPU.Build.0 = Debug|Any CPU
		{0BCDE427-1739-40E3-88F9-895AB3EFAFE9}.Release|Any CPU.ActiveCfg = Release|Any CPU
		{0BCDE427-1739-40E3-88F9-895AB3EFAFE9}.Release|Any CPU.Build.0 = Release|Any CPU
		{B47D56E1-6A65-433F-937A-E6E10BA70D04}.Debug|Any CPU.ActiveCfg = Debug|Any CPU
		{B47D56E1-6A65-433F-937A-E6E10BA70D04}.Debug|Any CPU.Build.0 = Debug|Any CPU
		{B47D56E1-6A65-433F-937A-E6E10BA70D04}.Release|Any CPU.ActiveCfg = Release|Any CPU
		{B47D56E1-6A65-433F-937A-E6E10BA70D04}.Release|Any CPU.Build.0 = Release|Any CPU
		{2A2E3060-EBAF-4C47-ABA5-439B481AB511}.Debug|Any CPU.ActiveCfg = Debug|Any CPU
		{2A2E3060-EBAF-4C47-ABA5-439B481AB511}.Debug|Any CPU.Build.0 = Debug|Any CPU
		{2A2E3060-EBAF-4C47-ABA5-439B481AB511}.Release|Any CPU.ActiveCfg = Release|Any CPU
		{2A2E3060-EBAF-4C47-ABA5-439B481AB511}.Release|Any CPU.Build.0 = Release|Any CPU
		{B18B92AF-14D9-45CE-B180-5E8D4503A095}.Debug|Any CPU.ActiveCfg = Debug|Any CPU
		{B18B92AF-14D9-45CE-B180-5E8D4503A095}.Debug|Any CPU.Build.0 = Debug|Any CPU
		{B18B92AF-14D9-45CE-B180-5E8D4503A095}.Release|Any CPU.ActiveCfg = Release|Any CPU
		{B18B92AF-14D9-45CE-B180-5E8D4503A095}.Release|Any CPU.Build.0 = Release|Any CPU
		{A8C396FE-BE2A-442A-BF70-B4D8B99CADD4}.Debug|Any CPU.ActiveCfg = Debug|Any CPU
		{A8C396FE-BE2A-442A-BF70-B4D8B99CADD4}.Debug|Any CPU.Build.0 = Debug|Any CPU
		{A8C396FE-BE2A-442A-BF70-B4D8B99CADD4}.Release|Any CPU.ActiveCfg = Release|Any CPU
		{A8C396FE-BE2A-442A-BF70-B4D8B99CADD4}.Release|Any CPU.Build.0 = Release|Any CPU
		{B3E0B287-5E32-4646-BE76-7E2B50E7952E}.Debug|Any CPU.ActiveCfg = Debug|Any CPU
		{B3E0B287-5E32-4646-BE76-7E2B50E7952E}.Debug|Any CPU.Build.0 = Debug|Any CPU
		{B3E0B287-5E32-4646-BE76-7E2B50E7952E}.Release|Any CPU.ActiveCfg = Release|Any CPU
		{B3E0B287-5E32-4646-BE76-7E2B50E7952E}.Release|Any CPU.Build.0 = Release|Any CPU
		{B41DBB14-89A3-4FFF-9147-461E4E2A3F41}.Debug|Any CPU.ActiveCfg = Debug|Any CPU
		{B41DBB14-89A3-4FFF-9147-461E4E2A3F41}.Debug|Any CPU.Build.0 = Debug|Any CPU
		{B41DBB14-89A3-4FFF-9147-461E4E2A3F41}.Release|Any CPU.ActiveCfg = Release|Any CPU
		{B41DBB14-89A3-4FFF-9147-461E4E2A3F41}.Release|Any CPU.Build.0 = Release|Any CPU
		{867FCC1C-857E-4CB1-8075-28274E653924}.Debug|Any CPU.ActiveCfg = Debug|Any CPU
		{867FCC1C-857E-4CB1-8075-28274E653924}.Debug|Any CPU.Build.0 = Debug|Any CPU
		{867FCC1C-857E-4CB1-8075-28274E653924}.Release|Any CPU.ActiveCfg = Release|Any CPU
		{867FCC1C-857E-4CB1-8075-28274E653924}.Release|Any CPU.Build.0 = Release|Any CPU
		{CD5B6C53-C1DD-4E65-9637-16D7FAE70596}.Debug|Any CPU.ActiveCfg = Debug|Any CPU
		{CD5B6C53-C1DD-4E65-9637-16D7FAE70596}.Debug|Any CPU.Build.0 = Debug|Any CPU
		{CD5B6C53-C1DD-4E65-9637-16D7FAE70596}.Release|Any CPU.ActiveCfg = Release|Any CPU
		{CD5B6C53-C1DD-4E65-9637-16D7FAE70596}.Release|Any CPU.Build.0 = Release|Any CPU
		{F2C97A54-8F3F-4EEB-81D5-3C7C9CC12D2A}.Debug|Any CPU.ActiveCfg = Debug|Any CPU
		{F2C97A54-8F3F-4EEB-81D5-3C7C9CC12D2A}.Debug|Any CPU.Build.0 = Debug|Any CPU
		{F2C97A54-8F3F-4EEB-81D5-3C7C9CC12D2A}.Release|Any CPU.ActiveCfg = Release|Any CPU
		{F2C97A54-8F3F-4EEB-81D5-3C7C9CC12D2A}.Release|Any CPU.Build.0 = Release|Any CPU
		{12317077-9623-40E6-B58D-C926D6B75349}.Debug|Any CPU.ActiveCfg = Debug|Any CPU
		{12317077-9623-40E6-B58D-C926D6B75349}.Debug|Any CPU.Build.0 = Debug|Any CPU
		{12317077-9623-40E6-B58D-C926D6B75349}.Release|Any CPU.ActiveCfg = Release|Any CPU
		{12317077-9623-40E6-B58D-C926D6B75349}.Release|Any CPU.Build.0 = Release|Any CPU
		{C3B8C4B6-07D9-450C-A472-5E10D6000B4D}.Debug|Any CPU.ActiveCfg = Debug|Any CPU
		{C3B8C4B6-07D9-450C-A472-5E10D6000B4D}.Debug|Any CPU.Build.0 = Debug|Any CPU
		{C3B8C4B6-07D9-450C-A472-5E10D6000B4D}.Release|Any CPU.ActiveCfg = Release|Any CPU
		{C3B8C4B6-07D9-450C-A472-5E10D6000B4D}.Release|Any CPU.Build.0 = Release|Any CPU
		{8AA6949E-6F34-4D70-9212-140C62458F54}.Debug|Any CPU.ActiveCfg = Debug|Any CPU
		{8AA6949E-6F34-4D70-9212-140C62458F54}.Debug|Any CPU.Build.0 = Debug|Any CPU
		{8AA6949E-6F34-4D70-9212-140C62458F54}.Release|Any CPU.ActiveCfg = Release|Any CPU
		{8AA6949E-6F34-4D70-9212-140C62458F54}.Release|Any CPU.Build.0 = Release|Any CPU
		{6A588945-4902-416F-A01C-3A9A7E23283B}.Debug|Any CPU.ActiveCfg = Debug|Any CPU
		{6A588945-4902-416F-A01C-3A9A7E23283B}.Debug|Any CPU.Build.0 = Debug|Any CPU
		{6A588945-4902-416F-A01C-3A9A7E23283B}.Release|Any CPU.ActiveCfg = Release|Any CPU
		{6A588945-4902-416F-A01C-3A9A7E23283B}.Release|Any CPU.Build.0 = Release|Any CPU
		{5C07B1C9-AA89-4618-A1F5-362D140C62B8}.Debug|Any CPU.ActiveCfg = Debug|Any CPU
		{5C07B1C9-AA89-4618-A1F5-362D140C62B8}.Debug|Any CPU.Build.0 = Debug|Any CPU
		{5C07B1C9-AA89-4618-A1F5-362D140C62B8}.Release|Any CPU.ActiveCfg = Release|Any CPU
		{5C07B1C9-AA89-4618-A1F5-362D140C62B8}.Release|Any CPU.Build.0 = Release|Any CPU
		{27B4EC20-DF57-4AAF-B7E0-877641F01549}.Debug|Any CPU.ActiveCfg = Debug|Any CPU
		{27B4EC20-DF57-4AAF-B7E0-877641F01549}.Debug|Any CPU.Build.0 = Debug|Any CPU
		{27B4EC20-DF57-4AAF-B7E0-877641F01549}.Release|Any CPU.ActiveCfg = Release|Any CPU
		{27B4EC20-DF57-4AAF-B7E0-877641F01549}.Release|Any CPU.Build.0 = Release|Any CPU
		{D6CD274F-6E90-4A4E-916D-7F8D609ED5FC}.Debug|Any CPU.ActiveCfg = Debug|Any CPU
		{D6CD274F-6E90-4A4E-916D-7F8D609ED5FC}.Debug|Any CPU.Build.0 = Debug|Any CPU
		{D6CD274F-6E90-4A4E-916D-7F8D609ED5FC}.Release|Any CPU.ActiveCfg = Release|Any CPU
		{D6CD274F-6E90-4A4E-916D-7F8D609ED5FC}.Release|Any CPU.Build.0 = Release|Any CPU
		{23A906DE-1AB6-4893-B386-3FA27DEC4761}.Debug|Any CPU.ActiveCfg = Debug|Any CPU
		{23A906DE-1AB6-4893-B386-3FA27DEC4761}.Debug|Any CPU.Build.0 = Debug|Any CPU
		{23A906DE-1AB6-4893-B386-3FA27DEC4761}.Release|Any CPU.ActiveCfg = Release|Any CPU
		{23A906DE-1AB6-4893-B386-3FA27DEC4761}.Release|Any CPU.Build.0 = Release|Any CPU
		{1582D610-6BB0-467D-8F14-E6C7D869DAEC}.Debug|Any CPU.ActiveCfg = Debug|Any CPU
		{1582D610-6BB0-467D-8F14-E6C7D869DAEC}.Debug|Any CPU.Build.0 = Debug|Any CPU
		{1582D610-6BB0-467D-8F14-E6C7D869DAEC}.Release|Any CPU.ActiveCfg = Release|Any CPU
		{1582D610-6BB0-467D-8F14-E6C7D869DAEC}.Release|Any CPU.Build.0 = Release|Any CPU
		{0C15CEF8-7E6A-4600-B0D0-D5B409BAD72C}.Debug|Any CPU.ActiveCfg = Debug|Any CPU
		{0C15CEF8-7E6A-4600-B0D0-D5B409BAD72C}.Debug|Any CPU.Build.0 = Debug|Any CPU
		{0C15CEF8-7E6A-4600-B0D0-D5B409BAD72C}.Release|Any CPU.ActiveCfg = Release|Any CPU
		{0C15CEF8-7E6A-4600-B0D0-D5B409BAD72C}.Release|Any CPU.Build.0 = Release|Any CPU
		{8F0CCD0B-DBF1-429B-B117-FE276EF3B067}.Debug|Any CPU.ActiveCfg = Debug|Any CPU
		{8F0CCD0B-DBF1-429B-B117-FE276EF3B067}.Debug|Any CPU.Build.0 = Debug|Any CPU
		{8F0CCD0B-DBF1-429B-B117-FE276EF3B067}.Release|Any CPU.ActiveCfg = Release|Any CPU
		{8F0CCD0B-DBF1-429B-B117-FE276EF3B067}.Release|Any CPU.Build.0 = Release|Any CPU
		{B7230032-6A4C-436C-BD76-28025AF63CEA}.Debug|Any CPU.ActiveCfg = Debug|Any CPU
		{B7230032-6A4C-436C-BD76-28025AF63CEA}.Debug|Any CPU.Build.0 = Debug|Any CPU
		{B7230032-6A4C-436C-BD76-28025AF63CEA}.Release|Any CPU.ActiveCfg = Release|Any CPU
		{B7230032-6A4C-436C-BD76-28025AF63CEA}.Release|Any CPU.Build.0 = Release|Any CPU
		{35FED730-F085-4A52-931C-D5481282AA07}.Debug|Any CPU.ActiveCfg = Debug|Any CPU
		{35FED730-F085-4A52-931C-D5481282AA07}.Debug|Any CPU.Build.0 = Debug|Any CPU
		{35FED730-F085-4A52-931C-D5481282AA07}.Release|Any CPU.ActiveCfg = Release|Any CPU
		{35FED730-F085-4A52-931C-D5481282AA07}.Release|Any CPU.Build.0 = Release|Any CPU
		{78FFC76E-F4A8-42FE-935D-CEA9A6C6EC02}.Debug|Any CPU.ActiveCfg = Debug|Any CPU
		{78FFC76E-F4A8-42FE-935D-CEA9A6C6EC02}.Debug|Any CPU.Build.0 = Debug|Any CPU
		{78FFC76E-F4A8-42FE-935D-CEA9A6C6EC02}.Release|Any CPU.ActiveCfg = Release|Any CPU
		{78FFC76E-F4A8-42FE-935D-CEA9A6C6EC02}.Release|Any CPU.Build.0 = Release|Any CPU
		{E96A83C9-FC22-4C48-BF67-B2C614564532}.Debug|Any CPU.ActiveCfg = Debug|Any CPU
		{E96A83C9-FC22-4C48-BF67-B2C614564532}.Debug|Any CPU.Build.0 = Debug|Any CPU
		{E96A83C9-FC22-4C48-BF67-B2C614564532}.Release|Any CPU.ActiveCfg = Release|Any CPU
		{E96A83C9-FC22-4C48-BF67-B2C614564532}.Release|Any CPU.Build.0 = Release|Any CPU
		{D283E07D-ED18-490F-90B0-8709DBF2D867}.Debug|Any CPU.ActiveCfg = Debug|Any CPU
		{D283E07D-ED18-490F-90B0-8709DBF2D867}.Debug|Any CPU.Build.0 = Debug|Any CPU
		{D283E07D-ED18-490F-90B0-8709DBF2D867}.Release|Any CPU.ActiveCfg = Release|Any CPU
		{D283E07D-ED18-490F-90B0-8709DBF2D867}.Release|Any CPU.Build.0 = Release|Any CPU
		{DB0DE4D2-EFCC-4311-B9BC-5C639BEA61B9}.Debug|Any CPU.ActiveCfg = Debug|Any CPU
		{DB0DE4D2-EFCC-4311-B9BC-5C639BEA61B9}.Debug|Any CPU.Build.0 = Debug|Any CPU
		{DB0DE4D2-EFCC-4311-B9BC-5C639BEA61B9}.Release|Any CPU.ActiveCfg = Release|Any CPU
		{DB0DE4D2-EFCC-4311-B9BC-5C639BEA61B9}.Release|Any CPU.Build.0 = Release|Any CPU
		{D9A25BD1-5504-4CAF-A34D-DBDFA721001F}.Debug|Any CPU.ActiveCfg = Debug|Any CPU
		{D9A25BD1-5504-4CAF-A34D-DBDFA721001F}.Debug|Any CPU.Build.0 = Debug|Any CPU
		{D9A25BD1-5504-4CAF-A34D-DBDFA721001F}.Release|Any CPU.ActiveCfg = Release|Any CPU
		{D9A25BD1-5504-4CAF-A34D-DBDFA721001F}.Release|Any CPU.Build.0 = Release|Any CPU
		{1F0E954A-F417-4D09-85CC-C0186C9844FD}.Debug|Any CPU.ActiveCfg = Debug|Any CPU
		{1F0E954A-F417-4D09-85CC-C0186C9844FD}.Debug|Any CPU.Build.0 = Debug|Any CPU
		{1F0E954A-F417-4D09-85CC-C0186C9844FD}.Release|Any CPU.ActiveCfg = Release|Any CPU
		{1F0E954A-F417-4D09-85CC-C0186C9844FD}.Release|Any CPU.Build.0 = Release|Any CPU
		{5F7C0FA2-16BE-4B74-A95D-1FEC2A85E259}.Debug|Any CPU.ActiveCfg = Debug|Any CPU
		{5F7C0FA2-16BE-4B74-A95D-1FEC2A85E259}.Debug|Any CPU.Build.0 = Debug|Any CPU
		{5F7C0FA2-16BE-4B74-A95D-1FEC2A85E259}.Release|Any CPU.ActiveCfg = Release|Any CPU
		{5F7C0FA2-16BE-4B74-A95D-1FEC2A85E259}.Release|Any CPU.Build.0 = Release|Any CPU
		{86D9540C-F046-46B1-9640-1F58FA9F1AEB}.Debug|Any CPU.ActiveCfg = Debug|Any CPU
		{86D9540C-F046-46B1-9640-1F58FA9F1AEB}.Debug|Any CPU.Build.0 = Debug|Any CPU
		{86D9540C-F046-46B1-9640-1F58FA9F1AEB}.Release|Any CPU.ActiveCfg = Release|Any CPU
		{86D9540C-F046-46B1-9640-1F58FA9F1AEB}.Release|Any CPU.Build.0 = Release|Any CPU
		{EB8C796C-D95F-49EB-9EBD-F6446E05C0F1}.Debug|Any CPU.ActiveCfg = Debug|Any CPU
		{EB8C796C-D95F-49EB-9EBD-F6446E05C0F1}.Debug|Any CPU.Build.0 = Debug|Any CPU
		{EB8C796C-D95F-49EB-9EBD-F6446E05C0F1}.Release|Any CPU.ActiveCfg = Release|Any CPU
		{EB8C796C-D95F-49EB-9EBD-F6446E05C0F1}.Release|Any CPU.Build.0 = Release|Any CPU
		{B95EE2D0-26D7-4CE5-8500-5B775A49ECB9}.Debug|Any CPU.ActiveCfg = Debug|Any CPU
		{B95EE2D0-26D7-4CE5-8500-5B775A49ECB9}.Debug|Any CPU.Build.0 = Debug|Any CPU
		{B95EE2D0-26D7-4CE5-8500-5B775A49ECB9}.Release|Any CPU.ActiveCfg = Release|Any CPU
		{B95EE2D0-26D7-4CE5-8500-5B775A49ECB9}.Release|Any CPU.Build.0 = Release|Any CPU
		{9A69BE9F-8426-48E4-A4B8-466CFD12561A}.Debug|Any CPU.ActiveCfg = Debug|Any CPU
		{9A69BE9F-8426-48E4-A4B8-466CFD12561A}.Debug|Any CPU.Build.0 = Debug|Any CPU
		{9A69BE9F-8426-48E4-A4B8-466CFD12561A}.Release|Any CPU.ActiveCfg = Release|Any CPU
		{9A69BE9F-8426-48E4-A4B8-466CFD12561A}.Release|Any CPU.Build.0 = Release|Any CPU
		{C94719D5-F5E4-41DC-9AD1-74F1F0CF83D2}.Debug|Any CPU.ActiveCfg = Debug|Any CPU
		{C94719D5-F5E4-41DC-9AD1-74F1F0CF83D2}.Debug|Any CPU.Build.0 = Debug|Any CPU
		{C94719D5-F5E4-41DC-9AD1-74F1F0CF83D2}.Release|Any CPU.ActiveCfg = Release|Any CPU
		{C94719D5-F5E4-41DC-9AD1-74F1F0CF83D2}.Release|Any CPU.Build.0 = Release|Any CPU
		{D9A06B07-A158-425C-B59F-1196D2FCDD9B}.Debug|Any CPU.ActiveCfg = Debug|Any CPU
		{D9A06B07-A158-425C-B59F-1196D2FCDD9B}.Debug|Any CPU.Build.0 = Debug|Any CPU
		{D9A06B07-A158-425C-B59F-1196D2FCDD9B}.Release|Any CPU.ActiveCfg = Release|Any CPU
		{D9A06B07-A158-425C-B59F-1196D2FCDD9B}.Release|Any CPU.Build.0 = Release|Any CPU
		{0F37130C-56C6-49B1-B477-5D725C0E69A1}.Debug|Any CPU.ActiveCfg = Debug|Any CPU
		{0F37130C-56C6-49B1-B477-5D725C0E69A1}.Debug|Any CPU.Build.0 = Debug|Any CPU
		{0F37130C-56C6-49B1-B477-5D725C0E69A1}.Release|Any CPU.ActiveCfg = Release|Any CPU
		{0F37130C-56C6-49B1-B477-5D725C0E69A1}.Release|Any CPU.Build.0 = Release|Any CPU
		{2FFA022F-1D08-446E-A820-9A2B96102BEA}.Debug|Any CPU.ActiveCfg = Debug|Any CPU
		{2FFA022F-1D08-446E-A820-9A2B96102BEA}.Debug|Any CPU.Build.0 = Debug|Any CPU
		{2FFA022F-1D08-446E-A820-9A2B96102BEA}.Release|Any CPU.ActiveCfg = Release|Any CPU
		{2FFA022F-1D08-446E-A820-9A2B96102BEA}.Release|Any CPU.Build.0 = Release|Any CPU
		{2D7FA6AB-4A6C-4D12-8847-1BEEEFE6446A}.Debug|Any CPU.ActiveCfg = Debug|Any CPU
		{2D7FA6AB-4A6C-4D12-8847-1BEEEFE6446A}.Debug|Any CPU.Build.0 = Debug|Any CPU
		{2D7FA6AB-4A6C-4D12-8847-1BEEEFE6446A}.Release|Any CPU.ActiveCfg = Release|Any CPU
		{2D7FA6AB-4A6C-4D12-8847-1BEEEFE6446A}.Release|Any CPU.Build.0 = Release|Any CPU
		{983B26CE-E6EB-41D3-B88C-A405890451D9}.Debug|Any CPU.ActiveCfg = Debug|Any CPU
		{983B26CE-E6EB-41D3-B88C-A405890451D9}.Debug|Any CPU.Build.0 = Debug|Any CPU
		{983B26CE-E6EB-41D3-B88C-A405890451D9}.Release|Any CPU.ActiveCfg = Release|Any CPU
		{983B26CE-E6EB-41D3-B88C-A405890451D9}.Release|Any CPU.Build.0 = Release|Any CPU
		{4F8A204C-50B2-405A-B29E-E5DC9B20BDBF}.Debug|Any CPU.ActiveCfg = Debug|Any CPU
		{4F8A204C-50B2-405A-B29E-E5DC9B20BDBF}.Debug|Any CPU.Build.0 = Debug|Any CPU
		{4F8A204C-50B2-405A-B29E-E5DC9B20BDBF}.Release|Any CPU.ActiveCfg = Release|Any CPU
		{4F8A204C-50B2-405A-B29E-E5DC9B20BDBF}.Release|Any CPU.Build.0 = Release|Any CPU
		{C1A79C9F-D101-41E5-BEF5-DA8B31756514}.Debug|Any CPU.ActiveCfg = Debug|Any CPU
		{C1A79C9F-D101-41E5-BEF5-DA8B31756514}.Debug|Any CPU.Build.0 = Debug|Any CPU
		{C1A79C9F-D101-41E5-BEF5-DA8B31756514}.Release|Any CPU.ActiveCfg = Release|Any CPU
		{C1A79C9F-D101-41E5-BEF5-DA8B31756514}.Release|Any CPU.Build.0 = Release|Any CPU
		{3190B289-C89E-4158-A95B-5488F31ED689}.Debug|Any CPU.ActiveCfg = Debug|Any CPU
		{3190B289-C89E-4158-A95B-5488F31ED689}.Debug|Any CPU.Build.0 = Debug|Any CPU
		{3190B289-C89E-4158-A95B-5488F31ED689}.Release|Any CPU.ActiveCfg = Release|Any CPU
		{3190B289-C89E-4158-A95B-5488F31ED689}.Release|Any CPU.Build.0 = Release|Any CPU
		{9C315192-2CD5-45EF-B600-7D2FA23A0611}.Debug|Any CPU.ActiveCfg = Debug|Any CPU
		{9C315192-2CD5-45EF-B600-7D2FA23A0611}.Debug|Any CPU.Build.0 = Debug|Any CPU
		{9C315192-2CD5-45EF-B600-7D2FA23A0611}.Release|Any CPU.ActiveCfg = Release|Any CPU
		{9C315192-2CD5-45EF-B600-7D2FA23A0611}.Release|Any CPU.Build.0 = Release|Any CPU
		{531813BC-40A2-4562-AFBD-AF9F10FE0D30}.Debug|Any CPU.ActiveCfg = Debug|Any CPU
		{531813BC-40A2-4562-AFBD-AF9F10FE0D30}.Debug|Any CPU.Build.0 = Debug|Any CPU
		{531813BC-40A2-4562-AFBD-AF9F10FE0D30}.Release|Any CPU.ActiveCfg = Release|Any CPU
		{531813BC-40A2-4562-AFBD-AF9F10FE0D30}.Release|Any CPU.Build.0 = Release|Any CPU
		{E645E0EF-A205-42B0-A9A3-6D0B01F6D1B6}.Debug|Any CPU.ActiveCfg = Debug|Any CPU
		{E645E0EF-A205-42B0-A9A3-6D0B01F6D1B6}.Debug|Any CPU.Build.0 = Debug|Any CPU
		{E645E0EF-A205-42B0-A9A3-6D0B01F6D1B6}.Release|Any CPU.ActiveCfg = Release|Any CPU
		{E645E0EF-A205-42B0-A9A3-6D0B01F6D1B6}.Release|Any CPU.Build.0 = Release|Any CPU
		{FD58A616-B6A7-450F-A2CB-659A6B7718EC}.Debug|Any CPU.ActiveCfg = Debug|Any CPU
		{FD58A616-B6A7-450F-A2CB-659A6B7718EC}.Debug|Any CPU.Build.0 = Debug|Any CPU
		{FD58A616-B6A7-450F-A2CB-659A6B7718EC}.Release|Any CPU.ActiveCfg = Release|Any CPU
		{FD58A616-B6A7-450F-A2CB-659A6B7718EC}.Release|Any CPU.Build.0 = Release|Any CPU
		{5F4200CD-E770-44C3-96B5-8301C1AFCEDF}.Debug|Any CPU.ActiveCfg = Debug|Any CPU
		{5F4200CD-E770-44C3-96B5-8301C1AFCEDF}.Debug|Any CPU.Build.0 = Debug|Any CPU
		{5F4200CD-E770-44C3-96B5-8301C1AFCEDF}.Release|Any CPU.ActiveCfg = Release|Any CPU
		{5F4200CD-E770-44C3-96B5-8301C1AFCEDF}.Release|Any CPU.Build.0 = Release|Any CPU
		{5210887E-A192-42F8-9EE8-AE6798BDCC9A}.Debug|Any CPU.ActiveCfg = Debug|Any CPU
		{5210887E-A192-42F8-9EE8-AE6798BDCC9A}.Debug|Any CPU.Build.0 = Debug|Any CPU
		{5210887E-A192-42F8-9EE8-AE6798BDCC9A}.Release|Any CPU.ActiveCfg = Release|Any CPU
		{5210887E-A192-42F8-9EE8-AE6798BDCC9A}.Release|Any CPU.Build.0 = Release|Any CPU
		{697A9C98-C609-4067-846B-692EB4046EA5}.Debug|Any CPU.ActiveCfg = Debug|Any CPU
		{697A9C98-C609-4067-846B-692EB4046EA5}.Debug|Any CPU.Build.0 = Debug|Any CPU
		{697A9C98-C609-4067-846B-692EB4046EA5}.Release|Any CPU.ActiveCfg = Release|Any CPU
		{697A9C98-C609-4067-846B-692EB4046EA5}.Release|Any CPU.Build.0 = Release|Any CPU
		{F2DEEFAD-0435-4143-9E1B-A78A14A1D4AF}.Debug|Any CPU.ActiveCfg = Debug|Any CPU
		{F2DEEFAD-0435-4143-9E1B-A78A14A1D4AF}.Debug|Any CPU.Build.0 = Debug|Any CPU
		{F2DEEFAD-0435-4143-9E1B-A78A14A1D4AF}.Release|Any CPU.ActiveCfg = Release|Any CPU
		{F2DEEFAD-0435-4143-9E1B-A78A14A1D4AF}.Release|Any CPU.Build.0 = Release|Any CPU
		{A6522E8C-B0B0-407D-86BF-60CBEA93F81A}.Debug|Any CPU.ActiveCfg = Debug|Any CPU
		{A6522E8C-B0B0-407D-86BF-60CBEA93F81A}.Debug|Any CPU.Build.0 = Debug|Any CPU
		{A6522E8C-B0B0-407D-86BF-60CBEA93F81A}.Release|Any CPU.ActiveCfg = Release|Any CPU
		{A6522E8C-B0B0-407D-86BF-60CBEA93F81A}.Release|Any CPU.Build.0 = Release|Any CPU
		{C96E86F3-1535-4219-80E0-2EFCEC38BC6B}.Debug|Any CPU.ActiveCfg = Debug|Any CPU
		{C96E86F3-1535-4219-80E0-2EFCEC38BC6B}.Debug|Any CPU.Build.0 = Debug|Any CPU
		{C96E86F3-1535-4219-80E0-2EFCEC38BC6B}.Release|Any CPU.ActiveCfg = Release|Any CPU
		{C96E86F3-1535-4219-80E0-2EFCEC38BC6B}.Release|Any CPU.Build.0 = Release|Any CPU
		{8CAB54DC-A74F-49B9-918E-F6A5942CF954}.Debug|Any CPU.ActiveCfg = Debug|Any CPU
		{8CAB54DC-A74F-49B9-918E-F6A5942CF954}.Debug|Any CPU.Build.0 = Debug|Any CPU
		{8CAB54DC-A74F-49B9-918E-F6A5942CF954}.Release|Any CPU.ActiveCfg = Release|Any CPU
		{8CAB54DC-A74F-49B9-918E-F6A5942CF954}.Release|Any CPU.Build.0 = Release|Any CPU
		{D90973F8-E2DF-4840-AF2C-1A8F939CC491}.Debug|Any CPU.ActiveCfg = Debug|Any CPU
		{D90973F8-E2DF-4840-AF2C-1A8F939CC491}.Debug|Any CPU.Build.0 = Debug|Any CPU
		{D90973F8-E2DF-4840-AF2C-1A8F939CC491}.Release|Any CPU.ActiveCfg = Release|Any CPU
		{D90973F8-E2DF-4840-AF2C-1A8F939CC491}.Release|Any CPU.Build.0 = Release|Any CPU
		{F0AC51ED-4212-4035-BA24-540582997ED8}.Debug|Any CPU.ActiveCfg = Debug|Any CPU
		{F0AC51ED-4212-4035-BA24-540582997ED8}.Debug|Any CPU.Build.0 = Debug|Any CPU
		{F0AC51ED-4212-4035-BA24-540582997ED8}.Release|Any CPU.ActiveCfg = Release|Any CPU
		{F0AC51ED-4212-4035-BA24-540582997ED8}.Release|Any CPU.Build.0 = Release|Any CPU
		{4D10D24C-4E5E-4241-9404-864DA566905B}.Debug|Any CPU.ActiveCfg = Debug|Any CPU
		{4D10D24C-4E5E-4241-9404-864DA566905B}.Debug|Any CPU.Build.0 = Debug|Any CPU
		{4D10D24C-4E5E-4241-9404-864DA566905B}.Release|Any CPU.ActiveCfg = Release|Any CPU
		{4D10D24C-4E5E-4241-9404-864DA566905B}.Release|Any CPU.Build.0 = Release|Any CPU
		{9F80A82E-AAD1-48C4-9301-575A3F268246}.Debug|Any CPU.ActiveCfg = Debug|Any CPU
		{9F80A82E-AAD1-48C4-9301-575A3F268246}.Debug|Any CPU.Build.0 = Debug|Any CPU
		{9F80A82E-AAD1-48C4-9301-575A3F268246}.Release|Any CPU.ActiveCfg = Release|Any CPU
		{9F80A82E-AAD1-48C4-9301-575A3F268246}.Release|Any CPU.Build.0 = Release|Any CPU
		{6C9192C0-DB05-4246-90B4-A9F06C6C275A}.Debug|Any CPU.ActiveCfg = Debug|Any CPU
		{6C9192C0-DB05-4246-90B4-A9F06C6C275A}.Debug|Any CPU.Build.0 = Debug|Any CPU
		{6C9192C0-DB05-4246-90B4-A9F06C6C275A}.Release|Any CPU.ActiveCfg = Release|Any CPU
		{6C9192C0-DB05-4246-90B4-A9F06C6C275A}.Release|Any CPU.Build.0 = Release|Any CPU
		{06B55344-B2A3-478D-8191-98AB69890100}.Debug|Any CPU.ActiveCfg = Debug|Any CPU
		{06B55344-B2A3-478D-8191-98AB69890100}.Debug|Any CPU.Build.0 = Debug|Any CPU
		{06B55344-B2A3-478D-8191-98AB69890100}.Release|Any CPU.ActiveCfg = Release|Any CPU
		{06B55344-B2A3-478D-8191-98AB69890100}.Release|Any CPU.Build.0 = Release|Any CPU
		{8F948261-5DAB-4E2C-BC40-CB290674CEF8}.Debug|Any CPU.ActiveCfg = Debug|Any CPU
		{8F948261-5DAB-4E2C-BC40-CB290674CEF8}.Debug|Any CPU.Build.0 = Debug|Any CPU
		{8F948261-5DAB-4E2C-BC40-CB290674CEF8}.Release|Any CPU.ActiveCfg = Release|Any CPU
		{8F948261-5DAB-4E2C-BC40-CB290674CEF8}.Release|Any CPU.Build.0 = Release|Any CPU
		{4DE93E99-800A-45D6-ADFE-F4CC92ECBDDE}.Debug|Any CPU.ActiveCfg = Debug|Any CPU
		{4DE93E99-800A-45D6-ADFE-F4CC92ECBDDE}.Debug|Any CPU.Build.0 = Debug|Any CPU
		{4DE93E99-800A-45D6-ADFE-F4CC92ECBDDE}.Release|Any CPU.ActiveCfg = Release|Any CPU
		{4DE93E99-800A-45D6-ADFE-F4CC92ECBDDE}.Release|Any CPU.Build.0 = Release|Any CPU
		{F07A507D-9CD1-46F4-A641-CDAEC71F9C0B}.Debug|Any CPU.ActiveCfg = Debug|Any CPU
		{F07A507D-9CD1-46F4-A641-CDAEC71F9C0B}.Debug|Any CPU.Build.0 = Debug|Any CPU
		{F07A507D-9CD1-46F4-A641-CDAEC71F9C0B}.Release|Any CPU.ActiveCfg = Release|Any CPU
		{F07A507D-9CD1-46F4-A641-CDAEC71F9C0B}.Release|Any CPU.Build.0 = Release|Any CPU
		{546EB8A2-B299-4DE0-B72E-A1B535A7FF99}.Debug|Any CPU.ActiveCfg = Debug|Any CPU
		{546EB8A2-B299-4DE0-B72E-A1B535A7FF99}.Debug|Any CPU.Build.0 = Debug|Any CPU
		{546EB8A2-B299-4DE0-B72E-A1B535A7FF99}.Release|Any CPU.ActiveCfg = Release|Any CPU
		{546EB8A2-B299-4DE0-B72E-A1B535A7FF99}.Release|Any CPU.Build.0 = Release|Any CPU
		{01E4DC34-C20D-4CB0-A4FC-AE5F74CE79E1}.Debug|Any CPU.ActiveCfg = Debug|Any CPU
		{01E4DC34-C20D-4CB0-A4FC-AE5F74CE79E1}.Debug|Any CPU.Build.0 = Debug|Any CPU
		{01E4DC34-C20D-4CB0-A4FC-AE5F74CE79E1}.Release|Any CPU.ActiveCfg = Release|Any CPU
		{01E4DC34-C20D-4CB0-A4FC-AE5F74CE79E1}.Release|Any CPU.Build.0 = Release|Any CPU
		{01102CCD-9453-452C-B520-D43DDC895B69}.Debug|Any CPU.ActiveCfg = Debug|Any CPU
		{01102CCD-9453-452C-B520-D43DDC895B69}.Debug|Any CPU.Build.0 = Debug|Any CPU
		{01102CCD-9453-452C-B520-D43DDC895B69}.Release|Any CPU.ActiveCfg = Release|Any CPU
		{01102CCD-9453-452C-B520-D43DDC895B69}.Release|Any CPU.Build.0 = Release|Any CPU
		{4938FB81-AF4B-4CF3-B246-0C726B97EAD3}.Debug|Any CPU.ActiveCfg = Debug|Any CPU
		{4938FB81-AF4B-4CF3-B246-0C726B97EAD3}.Debug|Any CPU.Build.0 = Debug|Any CPU
		{4938FB81-AF4B-4CF3-B246-0C726B97EAD3}.Release|Any CPU.ActiveCfg = Release|Any CPU
		{4938FB81-AF4B-4CF3-B246-0C726B97EAD3}.Release|Any CPU.Build.0 = Release|Any CPU
	EndGlobalSection
	GlobalSection(SolutionProperties) = preSolution
		HideSolutionNode = FALSE
	EndGlobalSection
	GlobalSection(NestedProjects) = preSolution
		{2DDB25FE-F322-48E4-9014-07ADA0961681} = {F6A5CCEA-D3DA-4CFE-AAC4-79A95038426E}
		{3459300C-BBB4-4D8B-89AA-712F458A5F39} = {F6A5CCEA-D3DA-4CFE-AAC4-79A95038426E}
		{653EA7C2-6501-43EC-8FEA-AE2477554953} = {F6A5CCEA-D3DA-4CFE-AAC4-79A95038426E}
		{826A4A3E-ED63-4489-A9FB-F7B34C60E5F6} = {F6A5CCEA-D3DA-4CFE-AAC4-79A95038426E}
		{8EBD1A1F-EC6C-4295-86BE-790C32C352BA} = {6D0C6B8B-A3FA-407D-B2DE-5C8492CB1497}
		{98CC0E72-6536-4D19-A151-7D4E2EBEBA2A} = {6D0C6B8B-A3FA-407D-B2DE-5C8492CB1497}
		{FD48E659-19F1-42A4-83B5-5ED94C15825D} = {6D0C6B8B-A3FA-407D-B2DE-5C8492CB1497}
		{0D2138F8-7579-4E47-9436-EDB971BDE28B} = {6D0C6B8B-A3FA-407D-B2DE-5C8492CB1497}
		{85753DAA-21FE-421F-B8FA-4B23CB927825} = {6D0C6B8B-A3FA-407D-B2DE-5C8492CB1497}
		{116CE2FE-8C17-4F9D-8257-CA0ED9D117B3} = {6D0C6B8B-A3FA-407D-B2DE-5C8492CB1497}
		{4BEDD024-BB21-4D69-B80B-C1C599BBF9E8} = {6D0C6B8B-A3FA-407D-B2DE-5C8492CB1497}
		{8F28BF88-69A0-4A88-94CD-8C778AE64A5D} = {6D0C6B8B-A3FA-407D-B2DE-5C8492CB1497}
		{0BCDE427-1739-40E3-88F9-895AB3EFAFE9} = {6D0C6B8B-A3FA-407D-B2DE-5C8492CB1497}
		{B47D56E1-6A65-433F-937A-E6E10BA70D04} = {C9EE1FAB-D19C-4F2D-984C-F420B7C1F608}
		{2A2E3060-EBAF-4C47-ABA5-439B481AB511} = {6D0C6B8B-A3FA-407D-B2DE-5C8492CB1497}
		{B18B92AF-14D9-45CE-B180-5E8D4503A095} = {6D0C6B8B-A3FA-407D-B2DE-5C8492CB1497}
		{A8C396FE-BE2A-442A-BF70-B4D8B99CADD4} = {6D0C6B8B-A3FA-407D-B2DE-5C8492CB1497}
		{B3E0B287-5E32-4646-BE76-7E2B50E7952E} = {6D0C6B8B-A3FA-407D-B2DE-5C8492CB1497}
		{B41DBB14-89A3-4FFF-9147-461E4E2A3F41} = {C9EE1FAB-D19C-4F2D-984C-F420B7C1F608}
		{867FCC1C-857E-4CB1-8075-28274E653924} = {C9EE1FAB-D19C-4F2D-984C-F420B7C1F608}
		{CD5B6C53-C1DD-4E65-9637-16D7FAE70596} = {C9EE1FAB-D19C-4F2D-984C-F420B7C1F608}
		{F2C97A54-8F3F-4EEB-81D5-3C7C9CC12D2A} = {C9EE1FAB-D19C-4F2D-984C-F420B7C1F608}
		{12317077-9623-40E6-B58D-C926D6B75349} = {C9EE1FAB-D19C-4F2D-984C-F420B7C1F608}
		{C3B8C4B6-07D9-450C-A472-5E10D6000B4D} = {C9EE1FAB-D19C-4F2D-984C-F420B7C1F608}
		{8AA6949E-6F34-4D70-9212-140C62458F54} = {C9EE1FAB-D19C-4F2D-984C-F420B7C1F608}
		{6A588945-4902-416F-A01C-3A9A7E23283B} = {C9EE1FAB-D19C-4F2D-984C-F420B7C1F608}
		{5C07B1C9-AA89-4618-A1F5-362D140C62B8} = {C9EE1FAB-D19C-4F2D-984C-F420B7C1F608}
		{27B4EC20-DF57-4AAF-B7E0-877641F01549} = {A1C15FE5-6585-48EF-801D-D64169A132C8}
		{D6CD274F-6E90-4A4E-916D-7F8D609ED5FC} = {A1C15FE5-6585-48EF-801D-D64169A132C8}
		{23A906DE-1AB6-4893-B386-3FA27DEC4761} = {A1C15FE5-6585-48EF-801D-D64169A132C8}
		{1582D610-6BB0-467D-8F14-E6C7D869DAEC} = {A1C15FE5-6585-48EF-801D-D64169A132C8}
		{0C15CEF8-7E6A-4600-B0D0-D5B409BAD72C} = {A1C15FE5-6585-48EF-801D-D64169A132C8}
		{8F0CCD0B-DBF1-429B-B117-FE276EF3B067} = {A1C15FE5-6585-48EF-801D-D64169A132C8}
		{B7230032-6A4C-436C-BD76-28025AF63CEA} = {A1C15FE5-6585-48EF-801D-D64169A132C8}
		{35FED730-F085-4A52-931C-D5481282AA07} = {A1C15FE5-6585-48EF-801D-D64169A132C8}
		{78FFC76E-F4A8-42FE-935D-CEA9A6C6EC02} = {A1C15FE5-6585-48EF-801D-D64169A132C8}
		{E96A83C9-FC22-4C48-BF67-B2C614564532} = {35C6720A-BA07-46EE-B697-5185CAAB6839}
		{D283E07D-ED18-490F-90B0-8709DBF2D867} = {35C6720A-BA07-46EE-B697-5185CAAB6839}
		{DB0DE4D2-EFCC-4311-B9BC-5C639BEA61B9} = {35C6720A-BA07-46EE-B697-5185CAAB6839}
		{D9A25BD1-5504-4CAF-A34D-DBDFA721001F} = {35C6720A-BA07-46EE-B697-5185CAAB6839}
		{1F0E954A-F417-4D09-85CC-C0186C9844FD} = {35C6720A-BA07-46EE-B697-5185CAAB6839}
		{5F7C0FA2-16BE-4B74-A95D-1FEC2A85E259} = {35C6720A-BA07-46EE-B697-5185CAAB6839}
		{86D9540C-F046-46B1-9640-1F58FA9F1AEB} = {35C6720A-BA07-46EE-B697-5185CAAB6839}
		{EB8C796C-D95F-49EB-9EBD-F6446E05C0F1} = {35C6720A-BA07-46EE-B697-5185CAAB6839}
		{B95EE2D0-26D7-4CE5-8500-5B775A49ECB9} = {F3A88A99-CE3D-45BF-B033-28B8FE2CECE5}
		{9A69BE9F-8426-48E4-A4B8-466CFD12561A} = {F3A88A99-CE3D-45BF-B033-28B8FE2CECE5}
		{C94719D5-F5E4-41DC-9AD1-74F1F0CF83D2} = {F3A88A99-CE3D-45BF-B033-28B8FE2CECE5}
		{D9A06B07-A158-425C-B59F-1196D2FCDD9B} = {F3A88A99-CE3D-45BF-B033-28B8FE2CECE5}
		{0F37130C-56C6-49B1-B477-5D725C0E69A1} = {F3A88A99-CE3D-45BF-B033-28B8FE2CECE5}
		{2FFA022F-1D08-446E-A820-9A2B96102BEA} = {F3A88A99-CE3D-45BF-B033-28B8FE2CECE5}
		{2D7FA6AB-4A6C-4D12-8847-1BEEEFE6446A} = {F3A88A99-CE3D-45BF-B033-28B8FE2CECE5}
		{983B26CE-E6EB-41D3-B88C-A405890451D9} = {F3A88A99-CE3D-45BF-B033-28B8FE2CECE5}
		{4F8A204C-50B2-405A-B29E-E5DC9B20BDBF} = {DBF3CFD9-59BF-4EAB-8063-FDC437E60361}
		{C1A79C9F-D101-41E5-BEF5-DA8B31756514} = {DBF3CFD9-59BF-4EAB-8063-FDC437E60361}
		{3190B289-C89E-4158-A95B-5488F31ED689} = {3667203C-30A6-487F-A2F2-752CFA6B3D1F}
		{9C315192-2CD5-45EF-B600-7D2FA23A0611} = {3667203C-30A6-487F-A2F2-752CFA6B3D1F}
		{531813BC-40A2-4562-AFBD-AF9F10FE0D30} = {3667203C-30A6-487F-A2F2-752CFA6B3D1F}
		{E645E0EF-A205-42B0-A9A3-6D0B01F6D1B6} = {EA0E0A49-C8CD-4763-9830-6DD22F64F033}
		{FD58A616-B6A7-450F-A2CB-659A6B7718EC} = {EA0E0A49-C8CD-4763-9830-6DD22F64F033}
		{5F4200CD-E770-44C3-96B5-8301C1AFCEDF} = {EA0E0A49-C8CD-4763-9830-6DD22F64F033}
		{5210887E-A192-42F8-9EE8-AE6798BDCC9A} = {EA0E0A49-C8CD-4763-9830-6DD22F64F033}
		{697A9C98-C609-4067-846B-692EB4046EA5} = {3905F685-559B-478A-A084-E5DDFCEEB5E0}
		{F2DEEFAD-0435-4143-9E1B-A78A14A1D4AF} = {3905F685-559B-478A-A084-E5DDFCEEB5E0}
		{A6522E8C-B0B0-407D-86BF-60CBEA93F81A} = {3905F685-559B-478A-A084-E5DDFCEEB5E0}
		{C96E86F3-1535-4219-80E0-2EFCEC38BC6B} = {534E4724-1A7F-4FB8-ABCF-F222D5005951}
		{8CAB54DC-A74F-49B9-918E-F6A5942CF954} = {534E4724-1A7F-4FB8-ABCF-F222D5005951}
		{D90973F8-E2DF-4840-AF2C-1A8F939CC491} = {534E4724-1A7F-4FB8-ABCF-F222D5005951}
		{F0AC51ED-4212-4035-BA24-540582997ED8} = {534E4724-1A7F-4FB8-ABCF-F222D5005951}
		{4D10D24C-4E5E-4241-9404-864DA566905B} = {534E4724-1A7F-4FB8-ABCF-F222D5005951}
		{9F80A82E-AAD1-48C4-9301-575A3F268246} = {534E4724-1A7F-4FB8-ABCF-F222D5005951}
		{6C9192C0-DB05-4246-90B4-A9F06C6C275A} = {8F937054-02E6-4962-8E3E-BD58C4D4F685}
		{06B55344-B2A3-478D-8191-98AB69890100} = {8F937054-02E6-4962-8E3E-BD58C4D4F685}
		{8F948261-5DAB-4E2C-BC40-CB290674CEF8} = {8F937054-02E6-4962-8E3E-BD58C4D4F685}
		{4DE93E99-800A-45D6-ADFE-F4CC92ECBDDE} = {8F937054-02E6-4962-8E3E-BD58C4D4F685}
		{F07A507D-9CD1-46F4-A641-CDAEC71F9C0B} = {8F937054-02E6-4962-8E3E-BD58C4D4F685}
		{546EB8A2-B299-4DE0-B72E-A1B535A7FF99} = {8F937054-02E6-4962-8E3E-BD58C4D4F685}
		{01E4DC34-C20D-4CB0-A4FC-AE5F74CE79E1} = {8F937054-02E6-4962-8E3E-BD58C4D4F685}
		{01102CCD-9453-452C-B520-D43DDC895B69} = {8F937054-02E6-4962-8E3E-BD58C4D4F685}
		{4938FB81-AF4B-4CF3-B246-0C726B97EAD3} = {8F937054-02E6-4962-8E3E-BD58C4D4F685}
	EndGlobalSection
EndGlobal
